{
    "_readme": [
        "This file locks the dependencies of your project to a known state",
        "Read more about it at https://getcomposer.org/doc/01-basic-usage.md#installing-dependencies",
        "This file is @generated automatically"
    ],
    "content-hash": "09116854f67f16bba2cc8b77f4562eaa",
    "packages": [
        {
            "name": "doctrine/annotations",
            "version": "v1.7.0",
            "source": {
                "type": "git",
                "url": "https://github.com/doctrine/annotations.git",
                "reference": "fa4c4e861e809d6a1103bd620cce63ed91aedfeb"
            },
            "dist": {
                "type": "zip",
                "url": "https://api.github.com/repos/doctrine/annotations/zipball/fa4c4e861e809d6a1103bd620cce63ed91aedfeb",
                "reference": "fa4c4e861e809d6a1103bd620cce63ed91aedfeb",
                "shasum": ""
            },
            "require": {
                "doctrine/lexer": "1.*",
                "php": "^7.1"
            },
            "require-dev": {
                "doctrine/cache": "1.*",
                "phpunit/phpunit": "^7.5@dev"
            },
            "type": "library",
            "extra": {
                "branch-alias": {
                    "dev-master": "1.7.x-dev"
                }
            },
            "autoload": {
                "psr-4": {
                    "Doctrine\\Common\\Annotations\\": "lib/Doctrine/Common/Annotations"
                }
            },
            "notification-url": "https://packagist.org/downloads/",
            "license": [
                "MIT"
            ],
            "authors": [
                {
                    "name": "Guilherme Blanco",
                    "email": "guilhermeblanco@gmail.com"
                },
                {
                    "name": "Roman Borschel",
                    "email": "roman@code-factory.org"
                },
                {
                    "name": "Benjamin Eberlei",
                    "email": "kontakt@beberlei.de"
                },
                {
                    "name": "Jonathan Wage",
                    "email": "jonwage@gmail.com"
                },
                {
                    "name": "Johannes Schmitt",
                    "email": "schmittjoh@gmail.com"
                }
            ],
            "description": "Docblock Annotations Parser",
            "homepage": "http://www.doctrine-project.org",
            "keywords": [
                "annotations",
                "docblock",
                "parser"
            ],
            "time": "2019-08-08T18:11:40+00:00"
        },
        {
            "name": "doctrine/cache",
            "version": "v1.8.0",
            "source": {
                "type": "git",
                "url": "https://github.com/doctrine/cache.git",
                "reference": "d768d58baee9a4862ca783840eca1b9add7a7f57"
            },
            "dist": {
                "type": "zip",
                "url": "https://api.github.com/repos/doctrine/cache/zipball/d768d58baee9a4862ca783840eca1b9add7a7f57",
                "reference": "d768d58baee9a4862ca783840eca1b9add7a7f57",
                "shasum": ""
            },
            "require": {
                "php": "~7.1"
            },
            "conflict": {
                "doctrine/common": ">2.2,<2.4"
            },
            "require-dev": {
                "alcaeus/mongo-php-adapter": "^1.1",
                "doctrine/coding-standard": "^4.0",
                "mongodb/mongodb": "^1.1",
                "phpunit/phpunit": "^7.0",
                "predis/predis": "~1.0"
            },
            "suggest": {
                "alcaeus/mongo-php-adapter": "Required to use legacy MongoDB driver"
            },
            "type": "library",
            "extra": {
                "branch-alias": {
                    "dev-master": "1.8.x-dev"
                }
            },
            "autoload": {
                "psr-4": {
                    "Doctrine\\Common\\Cache\\": "lib/Doctrine/Common/Cache"
                }
            },
            "notification-url": "https://packagist.org/downloads/",
            "license": [
                "MIT"
            ],
            "authors": [
                {
                    "name": "Roman Borschel",
                    "email": "roman@code-factory.org"
                },
                {
                    "name": "Benjamin Eberlei",
                    "email": "kontakt@beberlei.de"
                },
                {
                    "name": "Guilherme Blanco",
                    "email": "guilhermeblanco@gmail.com"
                },
                {
                    "name": "Jonathan Wage",
                    "email": "jonwage@gmail.com"
                },
                {
                    "name": "Johannes Schmitt",
                    "email": "schmittjoh@gmail.com"
                }
            ],
            "description": "Caching library offering an object-oriented API for many cache backends",
            "homepage": "https://www.doctrine-project.org",
            "keywords": [
                "cache",
                "caching"
            ],
            "time": "2018-08-21T18:01:43+00:00"
        },
        {
            "name": "doctrine/lexer",
            "version": "1.1.0",
            "source": {
                "type": "git",
                "url": "https://github.com/doctrine/lexer.git",
                "reference": "e17f069ede36f7534b95adec71910ed1b49c74ea"
            },
            "dist": {
                "type": "zip",
                "url": "https://api.github.com/repos/doctrine/lexer/zipball/e17f069ede36f7534b95adec71910ed1b49c74ea",
                "reference": "e17f069ede36f7534b95adec71910ed1b49c74ea",
                "shasum": ""
            },
            "require": {
                "php": "^7.2"
            },
            "require-dev": {
                "doctrine/coding-standard": "^6.0",
                "phpstan/phpstan": "^0.11.8",
                "phpunit/phpunit": "^8.2"
            },
            "type": "library",
            "extra": {
                "branch-alias": {
                    "dev-master": "1.1.x-dev"
                }
            },
            "autoload": {
                "psr-4": {
                    "Doctrine\\Common\\Lexer\\": "lib/Doctrine/Common/Lexer"
                }
            },
            "notification-url": "https://packagist.org/downloads/",
            "license": [
                "MIT"
            ],
            "authors": [
                {
                    "name": "Guilherme Blanco",
                    "email": "guilhermeblanco@gmail.com"
                },
                {
                    "name": "Roman Borschel",
                    "email": "roman@code-factory.org"
                },
                {
                    "name": "Johannes Schmitt",
                    "email": "schmittjoh@gmail.com"
                }
            ],
            "description": "PHP Doctrine Lexer parser library that can be used in Top-Down, Recursive Descent Parsers.",
            "homepage": "https://www.doctrine-project.org/projects/lexer.html",
            "keywords": [
                "annotations",
                "docblock",
                "lexer",
                "parser",
                "php"
            ],
            "time": "2019-07-30T19:33:28+00:00"
        },
        {
            "name": "goaop/framework",
            "version": "2.3.2",
            "source": {
                "type": "git",
                "url": "https://github.com/goaop/framework.git",
                "reference": "233f71c5fe43e5f3233dc4bbfe4474527af86cec"
            },
            "dist": {
                "type": "zip",
                "url": "https://api.github.com/repos/goaop/framework/zipball/233f71c5fe43e5f3233dc4bbfe4474527af86cec",
                "reference": "233f71c5fe43e5f3233dc4bbfe4474527af86cec",
                "shasum": ""
            },
            "require": {
                "doctrine/annotations": "^1.2.3",
                "doctrine/cache": "^1.5",
                "goaop/parser-reflection": "~2.0",
                "jakubledl/dissect": "~1.0",
                "php": "~7.0",
                "symfony/finder": "^3.4|^4.2"
            },
            "require-dev": {
                "adlawson/vfs": "^0.12",
                "doctrine/orm": "^2.5",
                "phpunit/phpunit": "^5.7",
                "symfony/console": "^2.7|^3.0",
                "symfony/filesystem": "^3.3",
                "symfony/process": "^3.3",
                "webmozart/glob": "^4.1"
            },
            "suggest": {
                "symfony/console": "Enables the usage of the command-line tool."
            },
            "bin": [
                "bin/aspect"
            ],
            "type": "library",
            "extra": {
                "branch-alias": {
                    "dev-master": "2.0-dev"
                }
            },
            "autoload": {
                "psr-4": {
                    "Go\\": "src/"
                }
            },
            "notification-url": "https://packagist.org/downloads/",
            "license": [
                "MIT"
            ],
            "authors": [
                {
                    "name": "Lisachenko Alexander",
                    "homepage": "https://github.com/lisachenko"
                }
            ],
            "description": "Framework for aspect-oriented programming in PHP.",
            "homepage": "http://go.aopphp.com/",
            "keywords": [
                "aop",
                "aspect",
                "library",
                "php"
            ],
            "time": "2019-08-01T07:06:56+00:00"
        },
        {
            "name": "goaop/parser-reflection",
            "version": "2.0.0",
            "source": {
                "type": "git",
                "url": "https://github.com/goaop/parser-reflection.git",
                "reference": "a71d0454ef8bfa416a39bbb7dd3ed497e063e54c"
            },
            "dist": {
                "type": "zip",
                "url": "https://api.github.com/repos/goaop/parser-reflection/zipball/a71d0454ef8bfa416a39bbb7dd3ed497e063e54c",
                "reference": "a71d0454ef8bfa416a39bbb7dd3ed497e063e54c",
                "shasum": ""
            },
            "require": {
                "nikic/php-parser": "^4.0",
                "php": ">=7.0"
            },
            "require-dev": {
                "phpunit/phpunit": "~4.0"
            },
            "type": "library",
            "extra": {
                "branch-alias": {
                    "dev-master": "2.x-dev"
                }
            },
            "autoload": {
                "psr-4": {
                    "Go\\ParserReflection\\": "src"
                },
                "files": [
                    "src/bootstrap.php"
                ],
                "exclude-from-classmap": [
                    "/tests/"
                ]
            },
            "notification-url": "https://packagist.org/downloads/",
            "license": [
                "MIT"
            ],
            "authors": [
                {
                    "name": "Alexander Lisachenko",
                    "email": "lisachenko.it@gmail.com"
                }
            ],
            "description": "Provides reflection information, based on raw source",
            "time": "2018-12-12T18:50:29+00:00"
        },
        {
            "name": "jakubledl/dissect",
            "version": "v1.0.1",
            "source": {
                "type": "git",
                "url": "https://github.com/jakubledl/dissect.git",
                "reference": "d3a391de31e45a247e95cef6cf58a91c05af67c4"
            },
            "dist": {
                "type": "zip",
                "url": "https://api.github.com/repos/jakubledl/dissect/zipball/d3a391de31e45a247e95cef6cf58a91c05af67c4",
                "reference": "d3a391de31e45a247e95cef6cf58a91c05af67c4",
                "shasum": ""
            },
            "require": {
                "php": ">=5.3.3"
            },
            "require-dev": {
                "symfony/console": "~2.1"
            },
            "suggest": {
                "symfony/console": "for the command-line tool"
            },
            "bin": [
                "bin/dissect.php",
                "bin/dissect"
            ],
            "type": "library",
            "autoload": {
                "psr-0": {
                    "Dissect": [
                        "src/"
                    ]
                }
            },
            "notification-url": "https://packagist.org/downloads/",
            "license": [
                "unlicense"
            ],
            "authors": [
                {
                    "name": "Jakub Lédl",
                    "email": "jakubledl@gmail.com"
                }
            ],
            "description": "Lexing and parsing in pure PHP",
            "homepage": "https://github.com/jakubledl/dissect",
            "keywords": [
                "ast",
                "lexing",
                "parser",
                "parsing"
            ],
            "time": "2013-01-29T21:29:14+00:00"
        },
        {
            "name": "nikic/php-parser",
            "version": "v4.2.4",
            "source": {
                "type": "git",
                "url": "https://github.com/nikic/PHP-Parser.git",
                "reference": "97e59c7a16464196a8b9c77c47df68e4a39a45c4"
            },
            "dist": {
                "type": "zip",
                "url": "https://api.github.com/repos/nikic/PHP-Parser/zipball/97e59c7a16464196a8b9c77c47df68e4a39a45c4",
                "reference": "97e59c7a16464196a8b9c77c47df68e4a39a45c4",
                "shasum": ""
            },
            "require": {
                "ext-tokenizer": "*",
                "php": ">=7.0"
            },
            "require-dev": {
                "phpunit/phpunit": "^6.5 || ^7.0 || ^8.0"
            },
            "bin": [
                "bin/php-parse"
            ],
            "type": "library",
            "extra": {
                "branch-alias": {
                    "dev-master": "4.2-dev"
                }
            },
            "autoload": {
                "psr-4": {
                    "PhpParser\\": "lib/PhpParser"
                }
            },
            "notification-url": "https://packagist.org/downloads/",
            "license": [
                "BSD-3-Clause"
            ],
            "authors": [
                {
                    "name": "Nikita Popov"
                }
            ],
            "description": "A PHP parser written in PHP",
            "keywords": [
                "parser",
                "php"
            ],
            "time": "2019-09-01T07:51:21+00:00"
        },
        {
            "name": "symfony/finder",
            "version": "v4.3.4",
            "source": {
                "type": "git",
                "url": "https://github.com/symfony/finder.git",
                "reference": "86c1c929f0a4b24812e1eb109262fc3372c8e9f2"
            },
            "dist": {
                "type": "zip",
                "url": "https://api.github.com/repos/symfony/finder/zipball/86c1c929f0a4b24812e1eb109262fc3372c8e9f2",
                "reference": "86c1c929f0a4b24812e1eb109262fc3372c8e9f2",
                "shasum": ""
            },
            "require": {
                "php": "^7.1.3"
            },
            "type": "library",
            "extra": {
                "branch-alias": {
                    "dev-master": "4.3-dev"
                }
            },
            "autoload": {
                "psr-4": {
                    "Symfony\\Component\\Finder\\": ""
                },
                "exclude-from-classmap": [
                    "/Tests/"
                ]
            },
            "notification-url": "https://packagist.org/downloads/",
            "license": [
                "MIT"
            ],
            "authors": [
                {
                    "name": "Fabien Potencier",
                    "email": "fabien@symfony.com"
                },
                {
                    "name": "Symfony Community",
                    "homepage": "https://symfony.com/contributors"
                }
            ],
            "description": "Symfony Finder Component",
            "homepage": "https://symfony.com",
            "time": "2019-08-14T12:26:46+00:00"
        }
    ],
    "packages-dev": [],
    "aliases": [],
    "minimum-stability": "stable",
    "stability-flags": [],
    "prefer-stable": false,
    "prefer-lowest": false,
    "platform": [],
    "platform-dev": []
}
